
Microsoft Visual Studio Solution File, Format Version 12.00
# Visual Studio Version 17
VisualStudioVersion = 17.8.34525.116
MinimumVisualStudioVersion = 10.0.40219.1
Project("{FAE04EC0-301F-11D3-BF4B-00C04F79EFBC}") = "Task1", "Task1\Task1.csproj", "{BA19DD69-3E00-4522-8917-0E1D3BBCF638}"
EndProject
Global
	GlobalSection(SolutionConfigurationPlatforms) = preSolution
		Debug|Any CPU = Debug|Any CPU
		Release|Any CPU = Release|Any CPU
	EndGlobalSection
	GlobalSection(ProjectConfigurationPlatforms) = postSolution
		{BA19DD69-3E00-4522-8917-0E1D3BBCF638}.Debug|Any CPU.ActiveCfg = Debug|Any CPU
		{BA19DD69-3E00-4522-8917-0E1D3BBCF638}.Debug|Any CPU.Build.0 = Debug|Any CPU
		{BA19DD69-3E00-4522-8917-0E1D3BBCF638}.Release|Any CPU.ActiveCfg = Release|Any CPU
		{BA19DD69-3E00-4522-8917-0E1D3BBCF638}.Release|Any CPU.Build.0 = Release|Any CPU
	EndGlobalSection
	GlobalSection(SolutionProperties) = preSolution
		HideSolutionNode = FALSE
	EndGlobalSection
	GlobalSection(ExtensibilityGlobals) = postSolution
		SolutionGuid = {1FF1E4ED-711C-4E7B-A3C4-4B2A73FDD4AF}
	EndGlobalSection
EndGlobal
